// !$*UTF8*$!
{
	archiveVersion = 1;
	classes = {
	};
	objectVersion = 46;
	objects = {

/* Begin PBXAggregateTarget section */
		2BD0BC53109AC10600CBD9A0 /* embedded */ = {
			isa = PBXAggregateTarget;
			buildConfigurationList = 2BD0BC56109AC12400CBD9A0 /* Build configuration list for PBXAggregateTarget "embedded" */;
			buildPhases = (
				2BD0BC52109AC10600CBD9A0 /* ShellScript */,
			);
			dependencies = (
			);
			name = embedded;
			productName = embedded;
		};
/* End PBXAggregateTarget section */

/* Begin PBXBuildFile section */
		2B29F47110784FCF0049F70F /* akaDylan Plain.ttf in Resources */ = {isa = PBXBuildFile; fileRef = 2B29F47010784FCF0049F70F /* akaDylan Plain.ttf */; };
		2B32579A1079C79000DEDCE2 /* game_loop.rb in Resources */ = {isa = PBXBuildFile; fileRef = 2B3257991079C79000DEDCE2 /* game_loop.rb */; };
		2B35D2DA1068A5FF0024D454 /* game_config.rb in Resources */ = {isa = PBXBuildFile; fileRef = 2B35D2D91068A5FF0024D454 /* game_config.rb */; };
		2B35D2EA1068B91D0024D454 /* bomb.rb in Resources */ = {isa = PBXBuildFile; fileRef = 2B35D2E91068B91D0024D454 /* bomb.rb */; };
		2B36B4181062115D008347E0 /* falling_ruby.rb in Resources */ = {isa = PBXBuildFile; fileRef = 2B36B4171062115D008347E0 /* falling_ruby.rb */; };
		2B47099710B7452A0074E6F0 /* heart.pdf in Resources */ = {isa = PBXBuildFile; fileRef = 2B47099610B7452A0074E6F0 /* heart.pdf */; };
		2B4709B410B746ED0074E6F0 /* asteroid.pdf in Resources */ = {isa = PBXBuildFile; fileRef = 2B4709B310B746ED0074E6F0 /* asteroid.pdf */; };
		2B5F663B10AD21D9007A6C17 /* ns_button.rb in Resources */ = {isa = PBXBuildFile; fileRef = 2B5F663A10AD21D9007A6C17 /* ns_button.rb */; };
		2B6C306410B1DB7E00325E82 /* background_level_1.pdf in Resources */ = {isa = PBXBuildFile; fileRef = 2B6C304710B1DB7E00325E82 /* background_level_1.pdf */; };
		2B6C306510B1DB7E00325E82 /* background_level_2.pdf in Resources */ = {isa = PBXBuildFile; fileRef = 2B6C304810B1DB7E00325E82 /* background_level_2.pdf */; };
		2B6C306910B1DB7E00325E82 /* bomb.pdf in Resources */ = {isa = PBXBuildFile; fileRef = 2B6C304C10B1DB7E00325E82 /* bomb.pdf */; };
		2B6C306D10B1DB7E00325E82 /* frog_level_1.pdf in Resources */ = {isa = PBXBuildFile; fileRef = 2B6C305010B1DB7E00325E82 /* frog_level_1.pdf */; };
		2B6C306E10B1DB7E00325E82 /* frog_level_2.pdf in Resources */ = {isa = PBXBuildFile; fileRef = 2B6C305110B1DB7E00325E82 /* frog_level_2.pdf */; };
		2B6C307210B1DB7E00325E82 /* game_over.pdf in Resources */ = {isa = PBXBuildFile; fileRef = 2B6C305510B1DB7E00325E82 /* game_over.pdf */; };
		2B6C307310B1DB7E00325E82 /* intro_bg.pdf in Resources */ = {isa = PBXBuildFile; fileRef = 2B6C305610B1DB7E00325E82 /* intro_bg.pdf */; };
		2B6C307410B1DB7E00325E82 /* intro_screen.pdf in Resources */ = {isa = PBXBuildFile; fileRef = 2B6C305710B1DB7E00325E82 /* intro_screen.pdf */; };
		2B6C307510B1DB7E00325E82 /* nenuphar.pdf in Resources */ = {isa = PBXBuildFile; fileRef = 2B6C305810B1DB7E00325E82 /* nenuphar.pdf */; };
		2B6C307610B1DB7E00325E82 /* ruby-black.pdf in Resources */ = {isa = PBXBuildFile; fileRef = 2B6C305910B1DB7E00325E82 /* ruby-black.pdf */; };
		2B6C307710B1DB7E00325E82 /* ruby.pdf in Resources */ = {isa = PBXBuildFile; fileRef = 2B6C305A10B1DB7E00325E82 /* ruby.pdf */; };
		2B6C307910B1DB7E00325E82 /* splash_1.pdf in Resources */ = {isa = PBXBuildFile; fileRef = 2B6C305C10B1DB7E00325E82 /* splash_1.pdf */; };
		2B6C307A10B1DB7E00325E82 /* splash_2.pdf in Resources */ = {isa = PBXBuildFile; fileRef = 2B6C305D10B1DB7E00325E82 /* splash_2.pdf */; };
		2B6C307E10B1DB7E00325E82 /* star.pdf in Resources */ = {isa = PBXBuildFile; fileRef = 2B6C306110B1DB7E00325E82 /* star.pdf */; };
		2B6C308010B1DB7E00325E82 /* x.pdf in Resources */ = {isa = PBXBuildFile; fileRef = 2B6C306310B1DB7E00325E82 /* x.pdf */; };
		2B6C308710B1DBA600325E82 /* game_config.rb in Resources */ = {isa = PBXBuildFile; fileRef = 2B6C308310B1DBA600325E82 /* game_config.rb */; };
		2B6C308810B1DBA600325E82 /* player_position.rb in Resources */ = {isa = PBXBuildFile; fileRef = 2B6C308410B1DBA600325E82 /* player_position.rb */; };
		2B6C308910B1DBA600325E82 /* sound_effects.rb in Resources */ = {isa = PBXBuildFile; fileRef = 2B6C308510B1DBA600325E82 /* sound_effects.rb */; };
		2B6C308A10B1DBA600325E82 /* visual_effects.rb in Resources */ = {isa = PBXBuildFile; fileRef = 2B6C308610B1DBA600325E82 /* visual_effects.rb */; };
		2B6C309110B1DC8800325E82 /* level_1.mp3 in Resources */ = {isa = PBXBuildFile; fileRef = 2B6C308E10B1DC8800325E82 /* level_1.mp3 */; };
		2B6C309210B1DC8800325E82 /* level_2.mp3 in Resources */ = {isa = PBXBuildFile; fileRef = 2B6C308F10B1DC8800325E82 /* level_2.mp3 */; };
		2B6C309510B1DCC300325E82 /* fullscreen.pdf in Resources */ = {isa = PBXBuildFile; fileRef = 2B6C309410B1DCC300325E82 /* fullscreen.pdf */; };
		2B75C4241067663A009E255F /* game_controller.rb in Resources */ = {isa = PBXBuildFile; fileRef = 2B75C41F1067663A009E255F /* game_controller.rb */; };
		2B75C4251067663A009E255F /* game_data.rb in Resources */ = {isa = PBXBuildFile; fileRef = 2B75C4201067663A009E255F /* game_data.rb */; };
		2B75C4261067663A009E255F /* game_item.rb in Resources */ = {isa = PBXBuildFile; fileRef = 2B75C4211067663A009E255F /* game_item.rb */; };
		2B75C4271067663A009E255F /* image_layer.rb in Resources */ = {isa = PBXBuildFile; fileRef = 2B75C4221067663A009E255F /* image_layer.rb */; };
		2B75C4281067663A009E255F /* keyboard_control_view.rb in Resources */ = {isa = PBXBuildFile; fileRef = 2B75C4231067663A009E255F /* keyboard_control_view.rb */; };
		2B75C4321067667F009E255F /* rb_main.rb in Resources */ = {isa = PBXBuildFile; fileRef = 2B75C4311067667F009E255F /* rb_main.rb */; };
		2B935D83103FBB6800B50D72 /* QuartzCore.framework in Frameworks */ = {isa = PBXBuildFile; fileRef = 2B935D82103FBB6800B50D72 /* QuartzCore.framework */; };
		2BBE0E5310564E92002B4E39 /* player.rb in Resources */ = {isa = PBXBuildFile; fileRef = 2BBE0E5010564E92002B4E39 /* player.rb */; };
		2BD5639D1069C9C9005C2DCF /* vehicle.rb in Resources */ = {isa = PBXBuildFile; fileRef = 2BD5639C1069C9C9005C2DCF /* vehicle.rb */; };
		2BE3A9ED1081CD98005F562A /* phileas.icns in Resources */ = {isa = PBXBuildFile; fileRef = 2BE3A9EC1081CD98005F562A /* phileas.icns */; };
		4DE3BE140D8651D900ECA448 /* MacRuby.framework in Frameworks */ = {isa = PBXBuildFile; fileRef = 4DE3BE130D8651D900ECA448 /* MacRuby.framework */; };
		8D11072A0486CEB800E47090 /* MainMenu.nib in Resources */ = {isa = PBXBuildFile; fileRef = 29B97318FDCFA39411CA2CEA /* MainMenu.nib */; };
		8D11072B0486CEB800E47090 /* InfoPlist.strings in Resources */ = {isa = PBXBuildFile; fileRef = 089C165CFE840E0CC02AAC07 /* InfoPlist.strings */; };
		8D11072D0486CEB800E47090 /* main.m in Sources */ = {isa = PBXBuildFile; fileRef = 29B97316FDCFA39411CA2CEA /* main.m */; settings = {ATTRIBUTES = (); }; };
		8D11072F0486CEB800E47090 /* Cocoa.framework in Frameworks */ = {isa = PBXBuildFile; fileRef = 1058C7A1FEA54F0111CA2CBB /* Cocoa.framework */; };
/* End PBXBuildFile section */

/* Begin PBXFileReference section */
		089C165DFE840E0CC02AAC07 /* English */ = {isa = PBXFileReference; fileEncoding = 10; lastKnownFileType = text.plist.strings; name = English; path = English.lproj/InfoPlist.strings; sourceTree = "<group>"; };
		1058C7A1FEA54F0111CA2CBB /* Cocoa.framework */ = {isa = PBXFileReference; lastKnownFileType = wrapper.framework; name = Cocoa.framework; path = /System/Library/Frameworks/Cocoa.framework; sourceTree = "<absolute>"; };
		29B97316FDCFA39411CA2CEA /* main.m */ = {isa = PBXFileReference; fileEncoding = 4; lastKnownFileType = sourcecode.c.objc; path = main.m; sourceTree = "<group>"; };
		29B97319FDCFA39411CA2CEA /* English */ = {isa = PBXFileReference; lastKnownFileType = wrapper.nib; name = English; path = English.lproj/MainMenu.nib; sourceTree = "<group>"; };
		29B97324FDCFA39411CA2CEA /* AppKit.framework */ = {isa = PBXFileReference; lastKnownFileType = wrapper.framework; name = AppKit.framework; path = /System/Library/Frameworks/AppKit.framework; sourceTree = "<absolute>"; };
		29B97325FDCFA39411CA2CEA /* Foundation.framework */ = {isa = PBXFileReference; lastKnownFileType = wrapper.framework; name = Foundation.framework; path = /System/Library/Frameworks/Foundation.framework; sourceTree = "<absolute>"; };
		2B29F47010784FCF0049F70F /* akaDylan Plain.ttf */ = {isa = PBXFileReference; lastKnownFileType = file; path = "akaDylan Plain.ttf"; sourceTree = "<group>"; };
		2B3257991079C79000DEDCE2 /* game_loop.rb */ = {isa = PBXFileReference; fileEncoding = 4; lastKnownFileType = text.script.ruby; path = game_loop.rb; sourceTree = "<group>"; };
		2B35D2D91068A5FF0024D454 /* game_config.rb */ = {isa = PBXFileReference; fileEncoding = 4; lastKnownFileType = text.script.ruby; name = game_config.rb; path = modules/game_config.rb; sourceTree = "<group>"; };
		2B35D2E91068B91D0024D454 /* bomb.rb */ = {isa = PBXFileReference; fileEncoding = 4; lastKnownFileType = text.script.ruby; path = bomb.rb; sourceTree = "<group>"; };
		2B36B4171062115D008347E0 /* falling_ruby.rb */ = {isa = PBXFileReference; fileEncoding = 4; lastKnownFileType = text.script.ruby; path = falling_ruby.rb; sourceTree = "<group>"; };
		2B47099610B7452A0074E6F0 /* heart.pdf */ = {isa = PBXFileReference; lastKnownFileType = image.pdf; path = heart.pdf; sourceTree = "<group>"; };
		2B4709B310B746ED0074E6F0 /* asteroid.pdf */ = {isa = PBXFileReference; lastKnownFileType = image.pdf; path = asteroid.pdf; sourceTree = "<group>"; };
		2B5F663A10AD21D9007A6C17 /* ns_button.rb */ = {isa = PBXFileReference; fileEncoding = 4; lastKnownFileType = text.script.ruby; path = ns_button.rb; sourceTree = "<group>"; };
		2B6C304710B1DB7E00325E82 /* background_level_1.pdf */ = {isa = PBXFileReference; lastKnownFileType = image.pdf; path = background_level_1.pdf; sourceTree = "<group>"; };
		2B6C304810B1DB7E00325E82 /* background_level_2.pdf */ = {isa = PBXFileReference; lastKnownFileType = image.pdf; path = background_level_2.pdf; sourceTree = "<group>"; };
		2B6C304C10B1DB7E00325E82 /* bomb.pdf */ = {isa = PBXFileReference; lastKnownFileType = image.pdf; path = bomb.pdf; sourceTree = "<group>"; };
		2B6C305010B1DB7E00325E82 /* frog_level_1.pdf */ = {isa = PBXFileReference; lastKnownFileType = image.pdf; path = frog_level_1.pdf; sourceTree = "<group>"; };
		2B6C305110B1DB7E00325E82 /* frog_level_2.pdf */ = {isa = PBXFileReference; lastKnownFileType = image.pdf; path = frog_level_2.pdf; sourceTree = "<group>"; };
		2B6C305510B1DB7E00325E82 /* game_over.pdf */ = {isa = PBXFileReference; lastKnownFileType = image.pdf; path = game_over.pdf; sourceTree = "<group>"; };
		2B6C305610B1DB7E00325E82 /* intro_bg.pdf */ = {isa = PBXFileReference; lastKnownFileType = image.pdf; path = intro_bg.pdf; sourceTree = "<group>"; };
		2B6C305710B1DB7E00325E82 /* intro_screen.pdf */ = {isa = PBXFileReference; lastKnownFileType = image.pdf; path = intro_screen.pdf; sourceTree = "<group>"; };
		2B6C305810B1DB7E00325E82 /* nenuphar.pdf */ = {isa = PBXFileReference; lastKnownFileType = image.pdf; path = nenuphar.pdf; sourceTree = "<group>"; };
		2B6C305910B1DB7E00325E82 /* ruby-black.pdf */ = {isa = PBXFileReference; lastKnownFileType = image.pdf; path = "ruby-black.pdf"; sourceTree = "<group>"; };
		2B6C305A10B1DB7E00325E82 /* ruby.pdf */ = {isa = PBXFileReference; lastKnownFileType = image.pdf; path = ruby.pdf; sourceTree = "<group>"; };
		2B6C305C10B1DB7E00325E82 /* splash_1.pdf */ = {isa = PBXFileReference; lastKnownFileType = image.pdf; path = splash_1.pdf; sourceTree = "<group>"; };
		2B6C305D10B1DB7E00325E82 /* splash_2.pdf */ = {isa = PBXFileReference; lastKnownFileType = image.pdf; path = splash_2.pdf; sourceTree = "<group>"; };
		2B6C306110B1DB7E00325E82 /* star.pdf */ = {isa = PBXFileReference; lastKnownFileType = image.pdf; path = star.pdf; sourceTree = "<group>"; };
		2B6C306310B1DB7E00325E82 /* x.pdf */ = {isa = PBXFileReference; lastKnownFileType = image.pdf; path = x.pdf; sourceTree = "<group>"; };
		2B6C308310B1DBA600325E82 /* game_config.rb */ = {isa = PBXFileReference; fileEncoding = 4; lastKnownFileType = text.script.ruby; path = game_config.rb; sourceTree = "<group>"; };
		2B6C308410B1DBA600325E82 /* player_position.rb */ = {isa = PBXFileReference; fileEncoding = 4; lastKnownFileType = text.script.ruby; path = player_position.rb; sourceTree = "<group>"; };
		2B6C308510B1DBA600325E82 /* sound_effects.rb */ = {isa = PBXFileReference; fileEncoding = 4; lastKnownFileType = text.script.ruby; path = sound_effects.rb; sourceTree = "<group>"; };
		2B6C308610B1DBA600325E82 /* visual_effects.rb */ = {isa = PBXFileReference; fileEncoding = 4; lastKnownFileType = text.script.ruby; path = visual_effects.rb; sourceTree = "<group>"; };
		2B6C308E10B1DC8800325E82 /* level_1.mp3 */ = {isa = PBXFileReference; lastKnownFileType = audio.mp3; path = level_1.mp3; sourceTree = "<group>"; };
		2B6C308F10B1DC8800325E82 /* level_2.mp3 */ = {isa = PBXFileReference; lastKnownFileType = audio.mp3; path = level_2.mp3; sourceTree = "<group>"; };
		2B6C309410B1DCC300325E82 /* fullscreen.pdf */ = {isa = PBXFileReference; lastKnownFileType = image.pdf; path = fullscreen.pdf; sourceTree = "<group>"; };
		2B75C41F1067663A009E255F /* game_controller.rb */ = {isa = PBXFileReference; fileEncoding = 4; lastKnownFileType = text.script.ruby; path = game_controller.rb; sourceTree = "<group>"; };
		2B75C4201067663A009E255F /* game_data.rb */ = {isa = PBXFileReference; fileEncoding = 4; lastKnownFileType = text.script.ruby; path = game_data.rb; sourceTree = "<group>"; };
		2B75C4211067663A009E255F /* game_item.rb */ = {isa = PBXFileReference; fileEncoding = 4; lastKnownFileType = text.script.ruby; path = game_item.rb; sourceTree = "<group>"; };
		2B75C4221067663A009E255F /* image_layer.rb */ = {isa = PBXFileReference; fileEncoding = 4; lastKnownFileType = text.script.ruby; path = image_layer.rb; sourceTree = "<group>"; };
		2B75C4231067663A009E255F /* keyboard_control_view.rb */ = {isa = PBXFileReference; fileEncoding = 4; lastKnownFileType = text.script.ruby; path = keyboard_control_view.rb; sourceTree = "<group>"; };
		2B75C4311067667F009E255F /* rb_main.rb */ = {isa = PBXFileReference; fileEncoding = 4; lastKnownFileType = text.script.ruby; path = rb_main.rb; sourceTree = "<group>"; };
		2B935D82103FBB6800B50D72 /* QuartzCore.framework */ = {isa = PBXFileReference; lastKnownFileType = wrapper.framework; name = QuartzCore.framework; path = System/Library/Frameworks/QuartzCore.framework; sourceTree = SDKROOT; };
		2B93D12D10D1E2EE0059D1A9 /* phileas_frog.app */ = {isa = PBXFileReference; explicitFileType = wrapper.application; includeInIndex = 0; path = phileas_frog.app; sourceTree = BUILT_PRODUCTS_DIR; };
		2BBE0E5010564E92002B4E39 /* player.rb */ = {isa = PBXFileReference; fileEncoding = 4; lastKnownFileType = text.script.ruby; path = player.rb; sourceTree = "<group>"; };
		2BD5639C1069C9C9005C2DCF /* vehicle.rb */ = {isa = PBXFileReference; fileEncoding = 4; lastKnownFileType = text.script.ruby; path = vehicle.rb; sourceTree = "<group>"; };
		2BE3A9EC1081CD98005F562A /* phileas.icns */ = {isa = PBXFileReference; lastKnownFileType = image.icns; path = phileas.icns; sourceTree = "<group>"; };
		4DE3BE130D8651D900ECA448 /* MacRuby.framework */ = {isa = PBXFileReference; lastKnownFileType = wrapper.framework; name = MacRuby.framework; path = /Library/Frameworks/MacRuby.framework; sourceTree = "<absolute>"; };
		8D1107310486CEB800E47090 /* Info.plist */ = {isa = PBXFileReference; fileEncoding = 4; lastKnownFileType = text.plist.xml; path = Info.plist; sourceTree = "<group>"; };
/* End PBXFileReference section */

/* Begin PBXFrameworksBuildPhase section */
		8D11072E0486CEB800E47090 /* Frameworks */ = {
			isa = PBXFrameworksBuildPhase;
			buildActionMask = 2147483647;
			files = (
				8D11072F0486CEB800E47090 /* Cocoa.framework in Frameworks */,
				4DE3BE140D8651D900ECA448 /* MacRuby.framework in Frameworks */,
				2B935D83103FBB6800B50D72 /* QuartzCore.framework in Frameworks */,
			);
			runOnlyForDeploymentPostprocessing = 0;
		};
/* End PBXFrameworksBuildPhase section */

/* Begin PBXGroup section */
		080E96DDFE201D6D7F000001 /* Classes */ = {
			isa = PBXGroup;
			children = (
				2B6C308210B1DBA600325E82 /* modules */,
				2B35D2D91068A5FF0024D454 /* game_config.rb */,
				2B75C41F1067663A009E255F /* game_controller.rb */,
				2B75C4201067663A009E255F /* game_data.rb */,
				2B75C4221067663A009E255F /* image_layer.rb */,
				2B75C4231067663A009E255F /* keyboard_control_view.rb */,
				2BBE0E4E10564E92002B4E39 /* game_items */,
				2B3257991079C79000DEDCE2 /* game_loop.rb */,
			);
			name = Classes;
			sourceTree = "<group>";
		};
		1058C7A0FEA54F0111CA2CBB /* Linked Frameworks */ = {
			isa = PBXGroup;
			children = (
				2B935D82103FBB6800B50D72 /* QuartzCore.framework */,
				4DE3BE130D8651D900ECA448 /* MacRuby.framework */,
				1058C7A1FEA54F0111CA2CBB /* Cocoa.framework */,
			);
			name = "Linked Frameworks";
			sourceTree = "<group>";
		};
		1058C7A2FEA54F0111CA2CBB /* Other Frameworks */ = {
			isa = PBXGroup;
			children = (
				29B97324FDCFA39411CA2CEA /* AppKit.framework */,
				29B97325FDCFA39411CA2CEA /* Foundation.framework */,
			);
			name = "Other Frameworks";
			sourceTree = "<group>";
		};
		19C28FACFE9D520D11CA2CBB /* Products */ = {
			isa = PBXGroup;
			children = (
				2B93D12D10D1E2EE0059D1A9 /* phileas_frog.app */,
			);
			name = Products;
			sourceTree = "<group>";
		};
		29B97314FDCFA39411CA2CEA /* ruby_land */ = {
			isa = PBXGroup;
			children = (
				2B6C308D10B1DC8800325E82 /* sounds */,
				2B6C304610B1DB7E00325E82 /* graphics */,
				2B5F663910AD21D9007A6C17 /* cocoa-ext */,
				080E96DDFE201D6D7F000001 /* Classes */,
				29B97315FDCFA39411CA2CEA /* Other Sources */,
				29B97317FDCFA39411CA2CEA /* Resources */,
				29B97323FDCFA39411CA2CEA /* Frameworks */,
				19C28FACFE9D520D11CA2CBB /* Products */,
			);
			name = ruby_land;
			sourceTree = "<group>";
		};
		29B97315FDCFA39411CA2CEA /* Other Sources */ = {
			isa = PBXGroup;
			children = (
				2B75C4311067667F009E255F /* rb_main.rb */,
				29B97316FDCFA39411CA2CEA /* main.m */,
			);
			name = "Other Sources";
			sourceTree = "<group>";
		};
		29B97317FDCFA39411CA2CEA /* Resources */ = {
			isa = PBXGroup;
			children = (
				2BE3A9EC1081CD98005F562A /* phileas.icns */,
				2B29F47010784FCF0049F70F /* akaDylan Plain.ttf */,
				8D1107310486CEB800E47090 /* Info.plist */,
				089C165CFE840E0CC02AAC07 /* InfoPlist.strings */,
				29B97318FDCFA39411CA2CEA /* MainMenu.nib */,
			);
			name = Resources;
			sourceTree = "<group>";
		};
		29B97323FDCFA39411CA2CEA /* Frameworks */ = {
			isa = PBXGroup;
			children = (
				1058C7A0FEA54F0111CA2CBB /* Linked Frameworks */,
				1058C7A2FEA54F0111CA2CBB /* Other Frameworks */,
			);
			name = Frameworks;
			sourceTree = "<group>";
		};
		2B5F663910AD21D9007A6C17 /* cocoa-ext */ = {
			isa = PBXGroup;
			children = (
				2B5F663A10AD21D9007A6C17 /* ns_button.rb */,
			);
			path = "cocoa-ext";
			sourceTree = "<group>";
		};
		2B6C304610B1DB7E00325E82 /* graphics */ = {
			isa = PBXGroup;
			children = (
				2B4709B310B746ED0074E6F0 /* asteroid.pdf */,
				2B47099610B7452A0074E6F0 /* heart.pdf */,
				2B6C309410B1DCC300325E82 /* fullscreen.pdf */,
				2B6C304710B1DB7E00325E82 /* background_level_1.pdf */,
				2B6C304810B1DB7E00325E82 /* background_level_2.pdf */,
				2B6C304C10B1DB7E00325E82 /* bomb.pdf */,
				2B6C305010B1DB7E00325E82 /* frog_level_1.pdf */,
				2B6C305110B1DB7E00325E82 /* frog_level_2.pdf */,
				2B6C305510B1DB7E00325E82 /* game_over.pdf */,
				2B6C305610B1DB7E00325E82 /* intro_bg.pdf */,
				2B6C305710B1DB7E00325E82 /* intro_screen.pdf */,
				2B6C305810B1DB7E00325E82 /* nenuphar.pdf */,
				2B6C305910B1DB7E00325E82 /* ruby-black.pdf */,
				2B6C305A10B1DB7E00325E82 /* ruby.pdf */,
				2B6C305C10B1DB7E00325E82 /* splash_1.pdf */,
				2B6C305D10B1DB7E00325E82 /* splash_2.pdf */,
				2B6C306110B1DB7E00325E82 /* star.pdf */,
				2B6C306310B1DB7E00325E82 /* x.pdf */,
			);
			path = graphics;
			sourceTree = "<group>";
		};
		2B6C308210B1DBA600325E82 /* modules */ = {
			isa = PBXGroup;
			children = (
				2B6C308410B1DBA600325E82 /* player_position.rb */,
				2B6C308310B1DBA600325E82 /* game_config.rb */,
				2B6C308510B1DBA600325E82 /* sound_effects.rb */,
				2B6C308610B1DBA600325E82 /* visual_effects.rb */,
			);
			path = modules;
			sourceTree = "<group>";
		};
		2B6C308D10B1DC8800325E82 /* sounds */ = {
			isa = PBXGroup;
			children = (
				2B6C308E10B1DC8800325E82 /* level_1.mp3 */,
				2B6C308F10B1DC8800325E82 /* level_2.mp3 */,
			);
			path = sounds;
			sourceTree = "<group>";
		};
		2BBE0E4E10564E92002B4E39 /* game_items */ = {
			isa = PBXGroup;
			children = (
				2B75C4211067663A009E255F /* game_item.rb */,
				2BBE0E5010564E92002B4E39 /* player.rb */,
				2B36B4171062115D008347E0 /* falling_ruby.rb */,
				2B35D2E91068B91D0024D454 /* bomb.rb */,
				2BD5639C1069C9C9005C2DCF /* vehicle.rb */,
			);
			path = game_items;
			sourceTree = "<group>";
		};
/* End PBXGroup section */

/* Begin PBXNativeTarget section */
		8D1107260486CEB800E47090 /* PhileasFrog */ = {
			isa = PBXNativeTarget;
			buildConfigurationList = C01FCF4A08A954540054247B /* Build configuration list for PBXNativeTarget "PhileasFrog" */;
			buildPhases = (
				8D1107290486CEB800E47090 /* Resources */,
				8D11072C0486CEB800E47090 /* Sources */,
				8D11072E0486CEB800E47090 /* Frameworks */,
			);
			buildRules = (
			);
			dependencies = (
			);
			name = PhileasFrog;
			productInstallPath = "$(HOME)/Applications";
			productName = ruby_land;
			productReference = 2B93D12D10D1E2EE0059D1A9 /* phileas_frog.app */;
			productType = "com.apple.product-type.application";
		};
/* End PBXNativeTarget section */

/* Begin PBXProject section */
		29B97313FDCFA39411CA2CEA /* Project object */ = {
			isa = PBXProject;
			buildConfigurationList = C01FCF4E08A954540054247B /* Build configuration list for PBXProject "phileas_frog" */;
			compatibilityVersion = "Xcode 3.2";
			hasScannedForEncodings = 1;
			mainGroup = 29B97314FDCFA39411CA2CEA /* ruby_land */;
			projectDirPath = "";
			projectRoot = "";
			targets = (
				8D1107260486CEB800E47090 /* PhileasFrog */,
				2BD0BC53109AC10600CBD9A0 /* embedded */,
			);
		};
/* End PBXProject section */

/* Begin PBXResourcesBuildPhase section */
		8D1107290486CEB800E47090 /* Resources */ = {
			isa = PBXResourcesBuildPhase;
			buildActionMask = 2147483647;
			files = (
				8D11072A0486CEB800E47090 /* MainMenu.nib in Resources */,
				8D11072B0486CEB800E47090 /* InfoPlist.strings in Resources */,
				2BBE0E5310564E92002B4E39 /* player.rb in Resources */,
				2B36B4181062115D008347E0 /* falling_ruby.rb in Resources */,
				2B75C4241067663A009E255F /* game_controller.rb in Resources */,
				2B75C4251067663A009E255F /* game_data.rb in Resources */,
				2B75C4261067663A009E255F /* game_item.rb in Resources */,
				2B75C4271067663A009E255F /* image_layer.rb in Resources */,
				2B75C4281067663A009E255F /* keyboard_control_view.rb in Resources */,
				2B75C4321067667F009E255F /* rb_main.rb in Resources */,
				2B35D2DA1068A5FF0024D454 /* game_config.rb in Resources */,
				2B35D2EA1068B91D0024D454 /* bomb.rb in Resources */,
				2BD5639D1069C9C9005C2DCF /* vehicle.rb in Resources */,
				2B29F47110784FCF0049F70F /* akaDylan Plain.ttf in Resources */,
				2B32579A1079C79000DEDCE2 /* game_loop.rb in Resources */,
				2BE3A9ED1081CD98005F562A /* phileas.icns in Resources */,
				2B5F663B10AD21D9007A6C17 /* ns_button.rb in Resources */,
				2B6C306410B1DB7E00325E82 /* background_level_1.pdf in Resources */,
				2B6C306510B1DB7E00325E82 /* background_level_2.pdf in Resources */,
				2B6C306910B1DB7E00325E82 /* bomb.pdf in Resources */,
				2B6C306D10B1DB7E00325E82 /* frog_level_1.pdf in Resources */,
				2B6C306E10B1DB7E00325E82 /* frog_level_2.pdf in Resources */,
				2B6C307210B1DB7E00325E82 /* game_over.pdf in Resources */,
				2B6C307310B1DB7E00325E82 /* intro_bg.pdf in Resources */,
				2B6C307410B1DB7E00325E82 /* intro_screen.pdf in Resources */,
				2B6C307510B1DB7E00325E82 /* nenuphar.pdf in Resources */,
				2B6C307610B1DB7E00325E82 /* ruby-black.pdf in Resources */,
				2B6C307710B1DB7E00325E82 /* ruby.pdf in Resources */,
				2B6C307910B1DB7E00325E82 /* splash_1.pdf in Resources */,
				2B6C307A10B1DB7E00325E82 /* splash_2.pdf in Resources */,
				2B6C307E10B1DB7E00325E82 /* star.pdf in Resources */,
				2B6C308010B1DB7E00325E82 /* x.pdf in Resources */,
				2B6C308710B1DBA600325E82 /* game_config.rb in Resources */,
				2B6C308810B1DBA600325E82 /* player_position.rb in Resources */,
				2B6C308910B1DBA600325E82 /* sound_effects.rb in Resources */,
				2B6C308A10B1DBA600325E82 /* visual_effects.rb in Resources */,
				2B6C309110B1DC8800325E82 /* level_1.mp3 in Resources */,
				2B6C309210B1DC8800325E82 /* level_2.mp3 in Resources */,
				2B6C309510B1DCC300325E82 /* fullscreen.pdf in Resources */,
				2B47099710B7452A0074E6F0 /* heart.pdf in Resources */,
				2B4709B410B746ED0074E6F0 /* asteroid.pdf in Resources */,
			);
			runOnlyForDeploymentPostprocessing = 0;
		};
/* End PBXResourcesBuildPhase section */

/* Begin PBXShellScriptBuildPhase section */
		2BD0BC52109AC10600CBD9A0 /* ShellScript */ = {
			isa = PBXShellScriptBuildPhase;
			buildActionMask = 2147483647;
			files = (
			);
			inputPaths = (
			);
			outputPaths = (
			);
			runOnlyForDeploymentPostprocessing = 0;
			shellPath = /bin/sh;
			shellScript = "# The macruby_deploy command-line tool will make sure your app will embed the MacRuby framework. Default options will be used. Pass the -h option to get more details.\nPATH=\"$PATH:/usr/local/bin\" macruby_deploy \"$TARGET_BUILD_DIR/$PROJECT_NAME.app\" --no-stdlib --compile --embed";
		};
/* End PBXShellScriptBuildPhase section */

/* Begin PBXSourcesBuildPhase section */
		8D11072C0486CEB800E47090 /* Sources */ = {
			isa = PBXSourcesBuildPhase;
			buildActionMask = 2147483647;
			files = (
				8D11072D0486CEB800E47090 /* main.m in Sources */,
			);
			runOnlyForDeploymentPostprocessing = 0;
		};
/* End PBXSourcesBuildPhase section */

/* Begin PBXVariantGroup section */
		089C165CFE840E0CC02AAC07 /* InfoPlist.strings */ = {
			isa = PBXVariantGroup;
			children = (
				089C165DFE840E0CC02AAC07 /* English */,
			);
			name = InfoPlist.strings;
			sourceTree = "<group>";
		};
		29B97318FDCFA39411CA2CEA /* MainMenu.nib */ = {
			isa = PBXVariantGroup;
			children = (
				29B97319FDCFA39411CA2CEA /* English */,
			);
			name = MainMenu.nib;
			sourceTree = "<group>";
		};
/* End PBXVariantGroup section */

/* Begin XCBuildConfiguration section */
		2BD0BC54109AC10600CBD9A0 /* Debug */ = {
			isa = XCBuildConfiguration;
			buildSettings = {
				COPY_PHASE_STRIP = NO;
				GCC_DYNAMIC_NO_PIC = NO;
				GCC_OPTIMIZATION_LEVEL = 0;
				PRODUCT_NAME = embedded;
			};
			name = Debug;
		};
		2BD0BC55109AC10600CBD9A0 /* Release */ = {
			isa = XCBuildConfiguration;
			buildSettings = {
				COPY_PHASE_STRIP = YES;
				DEBUG_INFORMATION_FORMAT = "dwarf-with-dsym";
				GCC_ENABLE_FIX_AND_CONTINUE = NO;
				PRODUCT_NAME = embedded;
				ZERO_LINK = NO;
			};
			name = Release;
		};
		C01FCF4B08A954540054247B /* Debug */ = {
			isa = XCBuildConfiguration;
			buildSettings = {
				COPY_PHASE_STRIP = NO;
				FRAMEWORK_SEARCH_PATHS = (
					"$(inherited)",
					"\"$(SRCROOT)\"",
				);
				GCC_DYNAMIC_NO_PIC = NO;
				GCC_ENABLE_FIX_AND_CONTINUE = YES;
				GCC_MODEL_TUNING = G5;
				GCC_OPTIMIZATION_LEVEL = 0;
				GCC_PRECOMPILE_PREFIX_HEADER = YES;
				INFOPLIST_FILE = Info.plist;
				INSTALL_PATH = "$(HOME)/Applications";
				PRODUCT_NAME = phileas_frog;
				WRAPPER_EXTENSION = app;
				ZERO_LINK = YES;
			};
			name = Debug;
		};
		C01FCF4C08A954540054247B /* Release */ = {
			isa = XCBuildConfiguration;
			buildSettings = {
				DEBUG_INFORMATION_FORMAT = "dwarf-with-dsym";
				FRAMEWORK_SEARCH_PATHS = (
					"$(inherited)",
					"\"$(SRCROOT)\"",
				);
				GCC_MODEL_TUNING = G5;
				GCC_PRECOMPILE_PREFIX_HEADER = YES;
				INFOPLIST_FILE = Info.plist;
				INSTALL_PATH = "$(HOME)/Applications";
				PRODUCT_NAME = phileas_frog;
				WRAPPER_EXTENSION = app;
			};
			name = Release;
		};
		C01FCF4F08A954540054247B /* Debug */ = {
			isa = XCBuildConfiguration;
			buildSettings = {
				ARCHS = "$(NATIVE_ARCH_ACTUAL)";
				GCC_ENABLE_OBJC_GC = required;
				GCC_WARN_ABOUT_RETURN_TYPE = YES;
				GCC_WARN_UNUSED_VARIABLE = YES;
				PREBINDING = NO;
				SDKROOT = "";
			};
			name = Debug;
		};
		C01FCF5008A954540054247B /* Release */ = {
			isa = XCBuildConfiguration;
			buildSettings = {
				ARCHS = "$(NATIVE_ARCH_ACTUAL)";
				GCC_ENABLE_OBJC_GC = required;
				GCC_WARN_ABOUT_RETURN_TYPE = YES;
				GCC_WARN_UNUSED_VARIABLE = YES;
				ONLY_ACTIVE_ARCH = YES;
				PREBINDING = NO;
				SDKROOT = "";
				VALID_ARCHS = "i386 x86_64";
			};
			name = Release;
		};
/* End XCBuildConfiguration section */

/* Begin XCConfigurationList section */
		2BD0BC56109AC12400CBD9A0 /* Build configuration list for PBXAggregateTarget "embedded" */ = {
			isa = XCConfigurationList;
			buildConfigurations = (
				2BD0BC54109AC10600CBD9A0 /* Debug */,
				2BD0BC55109AC10600CBD9A0 /* Release */,
			);
			defaultConfigurationIsVisible = 0;
			defaultConfigurationName = Release;
		};
		C01FCF4A08A954540054247B /* Build configuration list for PBXNativeTarget "PhileasFrog" */ = {
			isa = XCConfigurationList;
			buildConfigurations = (
				C01FCF4B08A954540054247B /* Debug */,
				C01FCF4C08A954540054247B /* Release */,
			);
			defaultConfigurationIsVisible = 0;
			defaultConfigurationName = Release;
		};
		C01FCF4E08A954540054247B /* Build configuration list for PBXProject "phileas_frog" */ = {
			isa = XCConfigurationList;
			buildConfigurations = (
				C01FCF4F08A954540054247B /* Debug */,
				C01FCF5008A954540054247B /* Release */,
			);
			defaultConfigurationIsVisible = 0;
			defaultConfigurationName = Release;
		};
/* End XCConfigurationList section */
	};
	rootObject = 29B97313FDCFA39411CA2CEA /* Project object */;
}
