// !$*UTF8*$!
{
	archiveVersion = 1;
	classes = {
	};
	objectVersion = 46;
	objects = {

/* Begin PBXBuildFile section */
		A902D7431423102B00C55C37 /* Cocoa.framework in Frameworks */ = {isa = PBXBuildFile; fileRef = A902D7421423102B00C55C37 /* Cocoa.framework */; };
		A902D7451423102B00C55C37 /* MacRuby.framework in Frameworks */ = {isa = PBXBuildFile; fileRef = A902D7441423102B00C55C37 /* MacRuby.framework */; };
		A902D74E1423102B00C55C37 /* InfoPlist.strings in Resources */ = {isa = PBXBuildFile; fileRef = A902D74C1423102B00C55C37 /* InfoPlist.strings */; };
		A902D7501423102B00C55C37 /* main.m in Sources */ = {isa = PBXBuildFile; fileRef = A902D74F1423102B00C55C37 /* main.m */; };
		A902D7551423102B00C55C37 /* MainMenu.xib in Resources */ = {isa = PBXBuildFile; fileRef = A902D7531423102B00C55C37 /* MainMenu.xib */; };
		A902D7581423102B00C55C37 /* rb_main.rb in Resources */ = {isa = PBXBuildFile; fileRef = A902D7571423102B00C55C37 /* rb_main.rb */; };
		A902D75A1423102B00C55C37 /* AppDelegate.rb in Resources */ = {isa = PBXBuildFile; fileRef = A902D7591423102B00C55C37 /* AppDelegate.rb */; };
		A902D7641423189B00C55C37 /* WebKit.framework in Frameworks */ = {isa = PBXBuildFile; fileRef = A902D7631423189B00C55C37 /* WebKit.framework */; };
		A92D8D1F1424D86A006F5A3A /* MarkdownViewer.icns in Resources */ = {isa = PBXBuildFile; fileRef = A92D8D1E1424D86A006F5A3A /* MarkdownViewer.icns */; };
		A9B47C4E14233B790094FD7E /* style.css in Resources */ = {isa = PBXBuildFile; fileRef = A9B47C4D14233B790094FD7E /* style.css */; };
		A9C6B67814238057006B2F2B /* MarkdownView.rb in Resources */ = {isa = PBXBuildFile; fileRef = A9C6B67714238057006B2F2B /* MarkdownView.rb */; };
		A9CCAA0E1424D1300090EA63 /* init.html in Resources */ = {isa = PBXBuildFile; fileRef = A9CCAA0D1424D1300090EA63 /* init.html */; };
		A9CD39711538560900E1CE8E /* Markdown.rb in Resources */ = {isa = PBXBuildFile; fileRef = A9CD39701538560900E1CE8E /* Markdown.rb */; };
/* End PBXBuildFile section */

/* Begin PBXContainerItemProxy section */
		A902D7471423102B00C55C37 /* PBXContainerItemProxy */ = {
			isa = PBXContainerItemProxy;
			containerPortal = A902D7351423102B00C55C37 /* Project object */;
			proxyType = 1;
			remoteGlobalIDString = A902D73D1423102B00C55C37;
			remoteInfo = MarkdownViewer;
		};
/* End PBXContainerItemProxy section */

/* Begin PBXFileReference section */
		A902D73E1423102B00C55C37 /* MarkdownViewer.app */ = {isa = PBXFileReference; explicitFileType = wrapper.application; includeInIndex = 0; path = MarkdownViewer.app; sourceTree = BUILT_PRODUCTS_DIR; };
		A902D7421423102B00C55C37 /* Cocoa.framework */ = {isa = PBXFileReference; lastKnownFileType = wrapper.framework; name = Cocoa.framework; path = System/Library/Frameworks/Cocoa.framework; sourceTree = SDKROOT; };
		A902D7441423102B00C55C37 /* MacRuby.framework */ = {isa = PBXFileReference; lastKnownFileType = wrapper.framework; name = MacRuby.framework; path = Library/Frameworks/MacRuby.framework; sourceTree = DEVELOPER_DIR; };
		A902D74B1423102B00C55C37 /* MarkdownViewer-Info.plist */ = {isa = PBXFileReference; lastKnownFileType = text.plist.xml; path = "MarkdownViewer-Info.plist"; sourceTree = "<group>"; };
		A902D74D1423102B00C55C37 /* en */ = {isa = PBXFileReference; lastKnownFileType = text.plist.strings; name = en; path = en.lproj/InfoPlist.strings; sourceTree = "<group>"; };
		A902D74F1423102B00C55C37 /* main.m */ = {isa = PBXFileReference; lastKnownFileType = sourcecode.c.objc; path = main.m; sourceTree = "<group>"; };
		A902D7511423102B00C55C37 /* MarkdownViewer-Prefix.pch */ = {isa = PBXFileReference; lastKnownFileType = sourcecode.c.h; path = "MarkdownViewer-Prefix.pch"; sourceTree = "<group>"; };
		A902D7541423102B00C55C37 /* en */ = {isa = PBXFileReference; lastKnownFileType = file.xib; name = en; path = en.lproj/MainMenu.xib; sourceTree = "<group>"; };
		A902D7571423102B00C55C37 /* rb_main.rb */ = {isa = PBXFileReference; lastKnownFileType = text.script.ruby; path = rb_main.rb; sourceTree = "<group>"; };
		A902D7591423102B00C55C37 /* AppDelegate.rb */ = {isa = PBXFileReference; lastKnownFileType = text.script.ruby; path = AppDelegate.rb; sourceTree = "<group>"; };
		A902D7631423189B00C55C37 /* WebKit.framework */ = {isa = PBXFileReference; lastKnownFileType = wrapper.framework; name = WebKit.framework; path = System/Library/Frameworks/WebKit.framework; sourceTree = SDKROOT; };
		A92D8D1E1424D86A006F5A3A /* MarkdownViewer.icns */ = {isa = PBXFileReference; lastKnownFileType = image.icns; path = MarkdownViewer.icns; sourceTree = "<group>"; };
		A9B47C4D14233B790094FD7E /* style.css */ = {isa = PBXFileReference; fileEncoding = 4; lastKnownFileType = text.css; path = style.css; sourceTree = "<group>"; };
		A9C6B67714238057006B2F2B /* MarkdownView.rb */ = {isa = PBXFileReference; fileEncoding = 4; lastKnownFileType = text.script.ruby; path = MarkdownView.rb; sourceTree = "<group>"; };
		A9CCAA0D1424D1300090EA63 /* init.html */ = {isa = PBXFileReference; fileEncoding = 4; lastKnownFileType = text.html; path = init.html; sourceTree = "<group>"; };
		A9CD39701538560900E1CE8E /* Markdown.rb */ = {isa = PBXFileReference; fileEncoding = 4; lastKnownFileType = text.script.ruby; path = Markdown.rb; sourceTree = "<group>"; };
/* End PBXFileReference section */

/* Begin PBXFrameworksBuildPhase section */
		A902D73B1423102B00C55C37 /* Frameworks */ = {
			isa = PBXFrameworksBuildPhase;
			buildActionMask = 2147483647;
			files = (
				A902D7431423102B00C55C37 /* Cocoa.framework in Frameworks */,
				A902D7451423102B00C55C37 /* MacRuby.framework in Frameworks */,
				A902D7641423189B00C55C37 /* WebKit.framework in Frameworks */,
			);
			runOnlyForDeploymentPostprocessing = 0;
		};
/* End PBXFrameworksBuildPhase section */

/* Begin PBXGroup section */
		A902D7331423102B00C55C37 = {
			isa = PBXGroup;
			children = (
				A902D7491423102B00C55C37 /* MarkdownViewer */,
				A902D7411423102B00C55C37 /* Frameworks */,
				A902D73F1423102B00C55C37 /* Products */,
			);
			sourceTree = "<group>";
		};
		A902D73F1423102B00C55C37 /* Products */ = {
			isa = PBXGroup;
			children = (
				A902D73E1423102B00C55C37 /* MarkdownViewer.app */,
			);
			name = Products;
			sourceTree = "<group>";
		};
		A902D7411423102B00C55C37 /* Frameworks */ = {
			isa = PBXGroup;
			children = (
				A902D7631423189B00C55C37 /* WebKit.framework */,
				A902D7421423102B00C55C37 /* Cocoa.framework */,
				A902D7441423102B00C55C37 /* MacRuby.framework */,
			);
			name = Frameworks;
			sourceTree = "<group>";
		};
		A902D7491423102B00C55C37 /* MarkdownViewer */ = {
			isa = PBXGroup;
			children = (
				A902D7591423102B00C55C37 /* AppDelegate.rb */,
				A9CD39701538560900E1CE8E /* Markdown.rb */,
				A9C6B67714238057006B2F2B /* MarkdownView.rb */,
				A902D7521423102B00C55C37 /* Resources */,
				A902D7561423102B00C55C37 /* Other Sources */,
				A902D74A1423102B00C55C37 /* Supporting Files */,
			);
			path = MarkdownViewer;
			sourceTree = "<group>";
		};
		A902D74A1423102B00C55C37 /* Supporting Files */ = {
			isa = PBXGroup;
			children = (
				A902D74B1423102B00C55C37 /* MarkdownViewer-Info.plist */,
				A902D74C1423102B00C55C37 /* InfoPlist.strings */,
				A902D74F1423102B00C55C37 /* main.m */,
				A902D7511423102B00C55C37 /* MarkdownViewer-Prefix.pch */,
			);
			name = "Supporting Files";
			sourceTree = "<group>";
		};
		A902D7521423102B00C55C37 /* Resources */ = {
			isa = PBXGroup;
			children = (
				A92D8D1E1424D86A006F5A3A /* MarkdownViewer.icns */,
				A9B47C4D14233B790094FD7E /* style.css */,
				A902D7531423102B00C55C37 /* MainMenu.xib */,
				A9CCAA0D1424D1300090EA63 /* init.html */,
			);
			name = Resources;
			sourceTree = "<group>";
		};
		A902D7561423102B00C55C37 /* Other Sources */ = {
			isa = PBXGroup;
			children = (
				A902D7571423102B00C55C37 /* rb_main.rb */,
			);
			name = "Other Sources";
			sourceTree = "<group>";
		};
/* End PBXGroup section */

/* Begin PBXLegacyTarget section */
		A902D7461423102B00C55C37 /* Deployment */ = {
			isa = PBXLegacyTarget;
			buildArgumentsString = "--compile --embed --gem redcarpet";
			buildConfigurationList = A902D7601423102B00C55C37 /* Build configuration list for PBXLegacyTarget "Deployment" */;
			buildPhases = (
			);
			buildToolPath = /usr/local/bin/macruby_deploy;
			buildWorkingDirectory = "";
			dependencies = (
				A902D7481423102B00C55C37 /* PBXTargetDependency */,
			);
			name = Deployment;
			passBuildSettingsInEnvironment = 1;
			productName = Deployment;
		};
/* End PBXLegacyTarget section */

/* Begin PBXNativeTarget section */
		A902D73D1423102B00C55C37 /* MarkdownViewer */ = {
			isa = PBXNativeTarget;
			buildConfigurationList = A902D75D1423102B00C55C37 /* Build configuration list for PBXNativeTarget "MarkdownViewer" */;
			buildPhases = (
				A902D73A1423102B00C55C37 /* Sources */,
				A902D73B1423102B00C55C37 /* Frameworks */,
				A902D73C1423102B00C55C37 /* Resources */,
			);
			buildRules = (
			);
			dependencies = (
			);
			name = MarkdownViewer;
			productName = MarkdownViewer;
			productReference = A902D73E1423102B00C55C37 /* MarkdownViewer.app */;
			productType = "com.apple.product-type.application";
		};
/* End PBXNativeTarget section */

/* Begin PBXProject section */
		A902D7351423102B00C55C37 /* Project object */ = {
			isa = PBXProject;
			attributes = {
				LastUpgradeCheck = 0420;
			};
			buildConfigurationList = A902D7381423102B00C55C37 /* Build configuration list for PBXProject "MarkdownViewer" */;
			compatibilityVersion = "Xcode 3.2";
			developmentRegion = English;
			hasScannedForEncodings = 0;
			knownRegions = (
				en,
			);
			mainGroup = A902D7331423102B00C55C37;
			productRefGroup = A902D73F1423102B00C55C37 /* Products */;
			projectDirPath = "";
			projectRoot = "";
			targets = (
				A902D73D1423102B00C55C37 /* MarkdownViewer */,
				A902D7461423102B00C55C37 /* Deployment */,
			);
		};
/* End PBXProject section */

/* Begin PBXResourcesBuildPhase section */
		A902D73C1423102B00C55C37 /* Resources */ = {
			isa = PBXResourcesBuildPhase;
			buildActionMask = 2147483647;
			files = (
				A902D74E1423102B00C55C37 /* InfoPlist.strings in Resources */,
				A902D7551423102B00C55C37 /* MainMenu.xib in Resources */,
				A902D7581423102B00C55C37 /* rb_main.rb in Resources */,
				A902D75A1423102B00C55C37 /* AppDelegate.rb in Resources */,
				A9B47C4E14233B790094FD7E /* style.css in Resources */,
				A9C6B67814238057006B2F2B /* MarkdownView.rb in Resources */,
				A9CCAA0E1424D1300090EA63 /* init.html in Resources */,
				A92D8D1F1424D86A006F5A3A /* MarkdownViewer.icns in Resources */,
				A9CD39711538560900E1CE8E /* Markdown.rb in Resources */,
			);
			runOnlyForDeploymentPostprocessing = 0;
		};
/* End PBXResourcesBuildPhase section */

/* Begin PBXSourcesBuildPhase section */
		A902D73A1423102B00C55C37 /* Sources */ = {
			isa = PBXSourcesBuildPhase;
			buildActionMask = 2147483647;
			files = (
				A902D7501423102B00C55C37 /* main.m in Sources */,
			);
			runOnlyForDeploymentPostprocessing = 0;
		};
/* End PBXSourcesBuildPhase section */

/* Begin PBXTargetDependency section */
		A902D7481423102B00C55C37 /* PBXTargetDependency */ = {
			isa = PBXTargetDependency;
			target = A902D73D1423102B00C55C37 /* MarkdownViewer */;
			targetProxy = A902D7471423102B00C55C37 /* PBXContainerItemProxy */;
		};
/* End PBXTargetDependency section */

/* Begin PBXVariantGroup section */
		A902D74C1423102B00C55C37 /* InfoPlist.strings */ = {
			isa = PBXVariantGroup;
			children = (
				A902D74D1423102B00C55C37 /* en */,
			);
			name = InfoPlist.strings;
			sourceTree = "<group>";
		};
		A902D7531423102B00C55C37 /* MainMenu.xib */ = {
			isa = PBXVariantGroup;
			children = (
				A902D7541423102B00C55C37 /* en */,
			);
			name = MainMenu.xib;
			sourceTree = "<group>";
		};
/* End PBXVariantGroup section */

/* Begin XCBuildConfiguration section */
		A902D75B1423102B00C55C37 /* Debug */ = {
			isa = XCBuildConfiguration;
			buildSettings = {
				ALWAYS_SEARCH_USER_PATHS = NO;
				ARCHS = "$(ARCHS_STANDARD_64_BIT)";
				COPY_PHASE_STRIP = NO;
				GCC_C_LANGUAGE_STANDARD = gnu99;
				GCC_DYNAMIC_NO_PIC = NO;
				GCC_ENABLE_OBJC_EXCEPTIONS = YES;
				GCC_OPTIMIZATION_LEVEL = 0;
				GCC_PREPROCESSOR_DEFINITIONS = (
					"DEBUG=1",
					"$(inherited)",
				);
				GCC_SYMBOLS_PRIVATE_EXTERN = NO;
				GCC_VERSION = "";
				GCC_WARN_64_TO_32_BIT_CONVERSION = YES;
				GCC_WARN_ABOUT_MISSING_PROTOTYPES = YES;
				GCC_WARN_ABOUT_RETURN_TYPE = YES;
				GCC_WARN_UNUSED_VARIABLE = YES;
				MACOSX_DEPLOYMENT_TARGET = "";
				ONLY_ACTIVE_ARCH = YES;
				SDKROOT = "";
			};
			name = Debug;
		};
		A902D75C1423102B00C55C37 /* Release */ = {
			isa = XCBuildConfiguration;
			buildSettings = {
				ALWAYS_SEARCH_USER_PATHS = NO;
				ARCHS = "$(ARCHS_STANDARD_64_BIT)";
				COPY_PHASE_STRIP = YES;
				DEBUG_INFORMATION_FORMAT = "dwarf-with-dsym";
				GCC_C_LANGUAGE_STANDARD = gnu99;
				GCC_ENABLE_OBJC_EXCEPTIONS = YES;
				GCC_VERSION = "";
				GCC_WARN_64_TO_32_BIT_CONVERSION = YES;
				GCC_WARN_ABOUT_MISSING_PROTOTYPES = YES;
				GCC_WARN_ABOUT_RETURN_TYPE = YES;
				GCC_WARN_UNUSED_VARIABLE = YES;
				MACOSX_DEPLOYMENT_TARGET = "";
				SDKROOT = "";
			};
			name = Release;
		};
		A902D75E1423102B00C55C37 /* Debug */ = {
			isa = XCBuildConfiguration;
			buildSettings = {
				ARCHS = x86_64;
				FRAMEWORK_SEARCH_PATHS = (
					"$(inherited)",
					"\"$(DEVELOPER_FRAMEWORKS_DIR)\"",
				);
				GCC_ENABLE_OBJC_GC = required;
				GCC_PRECOMPILE_PREFIX_HEADER = YES;
				GCC_PREFIX_HEADER = "MarkdownViewer/MarkdownViewer-Prefix.pch";
				INFOPLIST_FILE = "MarkdownViewer/MarkdownViewer-Info.plist";
				PRODUCT_NAME = "$(TARGET_NAME)";
				WRAPPER_EXTENSION = app;
			};
			name = Debug;
		};
		A902D75F1423102B00C55C37 /* Release */ = {
			isa = XCBuildConfiguration;
			buildSettings = {
				ARCHS = x86_64;
				FRAMEWORK_SEARCH_PATHS = (
					"$(inherited)",
					"\"$(DEVELOPER_FRAMEWORKS_DIR)\"",
				);
				GCC_ENABLE_OBJC_GC = required;
				GCC_PRECOMPILE_PREFIX_HEADER = YES;
				GCC_PREFIX_HEADER = "MarkdownViewer/MarkdownViewer-Prefix.pch";
				INFOPLIST_FILE = "MarkdownViewer/MarkdownViewer-Info.plist";
				PRODUCT_NAME = "$(TARGET_NAME)";
				WRAPPER_EXTENSION = app;
			};
			name = Release;
		};
		A902D7611423102B00C55C37 /* Debug */ = {
			isa = XCBuildConfiguration;
			buildSettings = {
			};
			name = Debug;
		};
		A902D7621423102B00C55C37 /* Release */ = {
			isa = XCBuildConfiguration;
			buildSettings = {
			};
			name = Release;
		};
/* End XCBuildConfiguration section */

/* Begin XCConfigurationList section */
		A902D7381423102B00C55C37 /* Build configuration list for PBXProject "MarkdownViewer" */ = {
			isa = XCConfigurationList;
			buildConfigurations = (
				A902D75B1423102B00C55C37 /* Debug */,
				A902D75C1423102B00C55C37 /* Release */,
			);
			defaultConfigurationIsVisible = 0;
			defaultConfigurationName = Release;
		};
		A902D75D1423102B00C55C37 /* Build configuration list for PBXNativeTarget "MarkdownViewer" */ = {
			isa = XCConfigurationList;
			buildConfigurations = (
				A902D75E1423102B00C55C37 /* Debug */,
				A902D75F1423102B00C55C37 /* Release */,
			);
			defaultConfigurationIsVisible = 0;
			defaultConfigurationName = Release;
		};
		A902D7601423102B00C55C37 /* Build configuration list for PBXLegacyTarget "Deployment" */ = {
			isa = XCConfigurationList;
			buildConfigurations = (
				A902D7611423102B00C55C37 /* Debug */,
				A902D7621423102B00C55C37 /* Release */,
			);
			defaultConfigurationIsVisible = 0;
			defaultConfigurationName = Release;
		};
/* End XCConfigurationList section */
	};
	rootObject = A902D7351423102B00C55C37 /* Project object */;
}
